// !$*UTF8*$!
{
	archiveVersion = 1;
	classes = {
	};
	objectVersion = 55;
	objects = {

/* Begin PBXBuildFile section */
		86B4788B2845404E006705E3 /* AppDelegate.swift in Sources */ = {isa = PBXBuildFile; fileRef = 86B4788A2845404E006705E3 /* AppDelegate.swift */; };
		86B4788D2845404E006705E3 /* SceneDelegate.swift in Sources */ = {isa = PBXBuildFile; fileRef = 86B4788C2845404E006705E3 /* SceneDelegate.swift */; };
		86B4788F2845404E006705E3 /* ViewController.swift in Sources */ = {isa = PBXBuildFile; fileRef = 86B4788E2845404E006705E3 /* ViewController.swift */; };
		86B478922845404E006705E3 /* Main.storyboard in Resources */ = {isa = PBXBuildFile; fileRef = 86B478902845404E006705E3 /* Main.storyboard */; };
		86B4789428454052006705E3 /* Assets.xcassets in Resources */ = {isa = PBXBuildFile; fileRef = 86B4789328454052006705E3 /* Assets.xcassets */; };
		86B4789728454052006705E3 /* LaunchScreen.storyboard in Resources */ = {isa = PBXBuildFile; fileRef = 86B4789528454052006705E3 /* LaunchScreen.storyboard */; };
		86B478A228454053006705E3 /* uniTestTests.swift in Sources */ = {isa = PBXBuildFile; fileRef = 86B478A128454053006705E3 /* uniTestTests.swift */; };
		86B478AC28454053006705E3 /* uniTestUITests.swift in Sources */ = {isa = PBXBuildFile; fileRef = 86B478AB28454053006705E3 /* uniTestUITests.swift */; };
		86B478AE28454053006705E3 /* uniTestUITestsLaunchTests.swift in Sources */ = {isa = PBXBuildFile; fileRef = 86B478AD28454053006705E3 /* uniTestUITestsLaunchTests.swift */; };
		86B478BC28454079006705E3 /* MathOperation.swift in Sources */ = {isa = PBXBuildFile; fileRef = 86B478BB28454079006705E3 /* MathOperation.swift */; };
/* End PBXBuildFile section */

/* Begin PBXContainerItemProxy section */
		86B4789E28454053006705E3 /* PBXContainerItemProxy */ = {
			isa = PBXContainerItemProxy;
			containerPortal = 86B4787F2845404E006705E3 /* Project object */;
			proxyType = 1;
			remoteGlobalIDString = 86B478862845404E006705E3;
			remoteInfo = uniTest;
		};
		86B478A828454053006705E3 /* PBXContainerItemProxy */ = {
			isa = PBXContainerItemProxy;
			containerPortal = 86B4787F2845404E006705E3 /* Project object */;
			proxyType = 1;
			remoteGlobalIDString = 86B478862845404E006705E3;
			remoteInfo = uniTest;
		};
/* End PBXContainerItemProxy section */

/* Begin PBXFileReference section */
		86B478872845404E006705E3 /* uniTest.app */ = {isa = PBXFileReference; explicitFileType = wrapper.application; includeInIndex = 0; path = uniTest.app; sourceTree = BUILT_PRODUCTS_DIR; };
		86B4788A2845404E006705E3 /* AppDelegate.swift */ = {isa = PBXFileReference; lastKnownFileType = sourcecode.swift; path = AppDelegate.swift; sourceTree = "<group>"; };
		86B4788C2845404E006705E3 /* SceneDelegate.swift */ = {isa = PBXFileReference; lastKnownFileType = sourcecode.swift; path = SceneDelegate.swift; sourceTree = "<group>"; };
		86B4788E2845404E006705E3 /* ViewController.swift */ = {isa = PBXFileReference; lastKnownFileType = sourcecode.swift; path = ViewController.swift; sourceTree = "<group>"; };
		86B478912845404E006705E3 /* Base */ = {isa = PBXFileReference; lastKnownFileType = file.storyboard; name = Base; path = Base.lproj/Main.storyboard; sourceTree = "<group>"; };
		86B4789328454052006705E3 /* Assets.xcassets */ = {isa = PBXFileReference; lastKnownFileType = folder.assetcatalog; path = Assets.xcassets; sourceTree = "<group>"; };
		86B4789628454052006705E3 /* Base */ = {isa = PBXFileReference; lastKnownFileType = file.storyboard; name = Base; path = Base.lproj/LaunchScreen.storyboard; sourceTree = "<group>"; };
		86B4789828454052006705E3 /* Info.plist */ = {isa = PBXFileReference; lastKnownFileType = text.plist.xml; path = Info.plist; sourceTree = "<group>"; };
		86B4789D28454053006705E3 /* uniTestTests.xctest */ = {isa = PBXFileReference; explicitFileType = wrapper.cfbundle; includeInIndex = 0; path = uniTestTests.xctest; sourceTree = BUILT_PRODUCTS_DIR; };
		86B478A128454053006705E3 /* uniTestTests.swift */ = {isa = PBXFileReference; lastKnownFileType = sourcecode.swift; path = uniTestTests.swift; sourceTree = "<group>"; };
		86B478A728454053006705E3 /* uniTestUITests.xctest */ = {isa = PBXFileReference; explicitFileType = wrapper.cfbundle; includeInIndex = 0; path = uniTestUITests.xctest; sourceTree = BUILT_PRODUCTS_DIR; };
		86B478AB28454053006705E3 /* uniTestUITests.swift */ = {isa = PBXFileReference; lastKnownFileType = sourcecode.swift; path = uniTestUITests.swift; sourceTree = "<group>"; };
		86B478AD28454053006705E3 /* uniTestUITestsLaunchTests.swift */ = {isa = PBXFileReference; lastKnownFileType = sourcecode.swift; path = uniTestUITestsLaunchTests.swift; sourceTree = "<group>"; };
		86B478BB28454079006705E3 /* MathOperation.swift */ = {isa = PBXFileReference; lastKnownFileType = sourcecode.swift; path = MathOperation.swift; sourceTree = "<group>"; };
/* End PBXFileReference section */

/* Begin PBXFrameworksBuildPhase section */
		86B478842845404E006705E3 /* Frameworks */ = {
			isa = PBXFrameworksBuildPhase;
			buildActionMask = 2147483647;
			files = (
			);
			runOnlyForDeploymentPostprocessing = 0;
		};
		86B4789A28454053006705E3 /* Frameworks */ = {
			isa = PBXFrameworksBuildPhase;
			buildActionMask = 2147483647;
			files = (
			);
			runOnlyForDeploymentPostprocessing = 0;
		};
		86B478A428454053006705E3 /* Frameworks */ = {
			isa = PBXFrameworksBuildPhase;
			buildActionMask = 2147483647;
			files = (
			);
			runOnlyForDeploymentPostprocessing = 0;
		};
/* End PBXFrameworksBuildPhase section */

/* Begin PBXGroup section */
		86B4787E2845404E006705E3 = {
			isa = PBXGroup;
			children = (
				86B478892845404E006705E3 /* uniTest */,
				86B478A028454053006705E3 /* uniTestTests */,
				86B478AA28454053006705E3 /* uniTestUITests */,
				86B478882845404E006705E3 /* Products */,
			);
			sourceTree = "<group>";
		};
		86B478882845404E006705E3 /* Products */ = {
			isa = PBXGroup;
			children = (
				86B478872845404E006705E3 /* uniTest.app */,
				86B4789D28454053006705E3 /* uniTestTests.xctest */,
				86B478A728454053006705E3 /* uniTestUITests.xctest */,
			);
			name = Products;
			sourceTree = "<group>";
		};
		86B478892845404E006705E3 /* uniTest */ = {
			isa = PBXGroup;
			children = (
				86B478BA28454064006705E3 /* Operation */,
				86B4788A2845404E006705E3 /* AppDelegate.swift */,
				86B4788C2845404E006705E3 /* SceneDelegate.swift */,
				86B4788E2845404E006705E3 /* ViewController.swift */,
				86B478902845404E006705E3 /* Main.storyboard */,
				86B4789328454052006705E3 /* Assets.xcassets */,
				86B4789528454052006705E3 /* LaunchScreen.storyboard */,
				86B4789828454052006705E3 /* Info.plist */,
			);
			path = uniTest;
			sourceTree = "<group>";
		};
		86B478A028454053006705E3 /* uniTestTests */ = {
			isa = PBXGroup;
			children = (
				86B478A128454053006705E3 /* uniTestTests.swift */,
			);
			path = uniTestTests;
			sourceTree = "<group>";
		};
		86B478AA28454053006705E3 /* uniTestUITests */ = {
			isa = PBXGroup;
			children = (
				86B478AB28454053006705E3 /* uniTestUITests.swift */,
				86B478AD28454053006705E3 /* uniTestUITestsLaunchTests.swift */,
			);
			path = uniTestUITests;
			sourceTree = "<group>";
		};
		86B478BA28454064006705E3 /* Operation */ = {
			isa = PBXGroup;
			children = (
				86B478BB28454079006705E3 /* MathOperation.swift */,
			);
			path = Operation;
			sourceTree = "<group>";
		};
/* End PBXGroup section */

/* Begin PBXNativeTarget section */
		86B478862845404E006705E3 /* uniTest */ = {
			isa = PBXNativeTarget;
			buildConfigurationList = 86B478B128454053006705E3 /* Build configuration list for PBXNativeTarget "uniTest" */;
			buildPhases = (
				86B478832845404E006705E3 /* Sources */,
				86B478842845404E006705E3 /* Frameworks */,
				86B478852845404E006705E3 /* Resources */,
			);
			buildRules = (
			);
			dependencies = (
			);
			name = uniTest;
			productName = uniTest;
			productReference = 86B478872845404E006705E3 /* uniTest.app */;
			productType = "com.apple.product-type.application";
		};
		86B4789C28454053006705E3 /* uniTestTests */ = {
			isa = PBXNativeTarget;
			buildConfigurationList = 86B478B428454053006705E3 /* Build configuration list for PBXNativeTarget "uniTestTests" */;
			buildPhases = (
				86B4789928454053006705E3 /* Sources */,
				86B4789A28454053006705E3 /* Frameworks */,
				86B4789B28454053006705E3 /* Resources */,
			);
			buildRules = (
			);
			dependencies = (
				86B4789F28454053006705E3 /* PBXTargetDependency */,
			);
			name = uniTestTests;
			productName = uniTestTests;
			productReference = 86B4789D28454053006705E3 /* uniTestTests.xctest */;
			productType = "com.apple.product-type.bundle.unit-test";
		};
		86B478A628454053006705E3 /* uniTestUITests */ = {
			isa = PBXNativeTarget;
			buildConfigurationList = 86B478B728454053006705E3 /* Build configuration list for PBXNativeTarget "uniTestUITests" */;
			buildPhases = (
				86B478A328454053006705E3 /* Sources */,
				86B478A428454053006705E3 /* Frameworks */,
				86B478A528454053006705E3 /* Resources */,
			);
			buildRules = (
			);
			dependencies = (
				86B478A928454053006705E3 /* PBXTargetDependency */,
			);
			name = uniTestUITests;
			productName = uniTestUITests;
			productReference = 86B478A728454053006705E3 /* uniTestUITests.xctest */;
			productType = "com.apple.product-type.bundle.ui-testing";
		};
/* End PBXNativeTarget section */

/* Begin PBXProject section */
		86B4787F2845404E006705E3 /* Project object */ = {
			isa = PBXProject;
			attributes = {
				BuildIndependentTargetsInParallel = 1;
				LastSwiftUpdateCheck = 1340;
				LastUpgradeCheck = 1340;
				TargetAttributes = {
					86B478862845404E006705E3 = {
						CreatedOnToolsVersion = 13.4;
					};
					86B4789C28454053006705E3 = {
						CreatedOnToolsVersion = 13.4;
						TestTargetID = 86B478862845404E006705E3;
					};
					86B478A628454053006705E3 = {
						CreatedOnToolsVersion = 13.4;
						TestTargetID = 86B478862845404E006705E3;
					};
				};
			};
			buildConfigurationList = 86B478822845404E006705E3 /* Build configuration list for PBXProject "uniTest" */;
			compatibilityVersion = "Xcode 13.0";
			developmentRegion = en;
			hasScannedForEncodings = 0;
			knownRegions = (
				en,
				Base,
			);
			mainGroup = 86B4787E2845404E006705E3;
			productRefGroup = 86B478882845404E006705E3 /* Products */;
			projectDirPath = "";
			projectRoot = "";
			targets = (
				86B478862845404E006705E3 /* uniTest */,
				86B4789C28454053006705E3 /* uniTestTests */,
				86B478A628454053006705E3 /* uniTestUITests */,
			);
		};
/* End PBXProject section */

/* Begin PBXResourcesBuildPhase section */
		86B478852845404E006705E3 /* Resources */ = {
			isa = PBXResourcesBuildPhase;
			buildActionMask = 2147483647;
			files = (
				86B4789728454052006705E3 /* LaunchScreen.storyboard in Resources */,
				86B4789428454052006705E3 /* Assets.xcassets in Resources */,
				86B478922845404E006705E3 /* Main.storyboard in Resources */,
			);
			runOnlyForDeploymentPostprocessing = 0;
		};
		86B4789B28454053006705E3 /* Resources */ = {
			isa = PBXResourcesBuildPhase;
			buildActionMask = 2147483647;
			files = (
			);
			runOnlyForDeploymentPostprocessing = 0;
		};
		86B478A528454053006705E3 /* Resources */ = {
			isa = PBXResourcesBuildPhase;
			buildActionMask = 2147483647;
			files = (
			);
			runOnlyForDeploymentPostprocessing = 0;
		};
/* End PBXResourcesBuildPhase section */

/* Begin PBXSourcesBuildPhase section */
		86B478832845404E006705E3 /* Sources */ = {
			isa = PBXSourcesBuildPhase;
			buildActionMask = 2147483647;
			files = (
				86B4788F2845404E006705E3 /* ViewController.swift in Sources */,
				86B478BC28454079006705E3 /* MathOperation.swift in Sources */,
				86B4788B2845404E006705E3 /* AppDelegate.swift in Sources */,
				86B4788D2845404E006705E3 /* SceneDelegate.swift in Sources */,
			);
			runOnlyForDeploymentPostprocessing = 0;
		};
		86B4789928454053006705E3 /* Sources */ = {
			isa = PBXSourcesBuildPhase;
			buildActionMask = 2147483647;
			files = (
				86B478A228454053006705E3 /* uniTestTests.swift in Sources */,
			);
			runOnlyForDeploymentPostprocessing = 0;
		};
		86B478A328454053006705E3 /* Sources */ = {
			isa = PBXSourcesBuildPhase;
			buildActionMask = 2147483647;
			files = (
				86B478AC28454053006705E3 /* uniTestUITests.swift in Sources */,
				86B478AE28454053006705E3 /* uniTestUITestsLaunchTests.swift in Sources */,
			);
			runOnlyForDeploymentPostprocessing = 0;
		};
/* End PBXSourcesBuildPhase section */

/* Begin PBXTargetDependency section */
		86B4789F28454053006705E3 /* PBXTargetDependency */ = {
			isa = PBXTargetDependency;
			target = 86B478862845404E006705E3 /* uniTest */;
			targetProxy = 86B4789E28454053006705E3 /* PBXContainerItemProxy */;
		};
		86B478A928454053006705E3 /* PBXTargetDependency */ = {
			isa = PBXTargetDependency;
			target = 86B478862845404E006705E3 /* uniTest */;
			targetProxy = 86B478A828454053006705E3 /* PBXContainerItemProxy */;
		};
/* End PBXTargetDependency section */

/* Begin PBXVariantGroup section */
		86B478902845404E006705E3 /* Main.storyboard */ = {
			isa = PBXVariantGroup;
			children = (
				86B478912845404E006705E3 /* Base */,
			);
			name = Main.storyboard;
			sourceTree = "<group>";
		};
		86B4789528454052006705E3 /* LaunchScreen.storyboard */ = {
			isa = PBXVariantGroup;
			children = (
				86B4789628454052006705E3 /* Base */,
			);
			name = LaunchScreen.storyboard;
			sourceTree = "<group>";
		};
/* End PBXVariantGroup section */

/* Begin XCBuildConfiguration section */
		86B478AF28454053006705E3 /* Debug */ = {
			isa = XCBuildConfiguration;
			buildSettings = {
				ALWAYS_SEARCH_USER_PATHS = NO;
				CLANG_ANALYZER_NONNULL = YES;
				CLANG_ANALYZER_NUMBER_OBJECT_CONVERSION = YES_AGGRESSIVE;
				CLANG_CXX_LANGUAGE_STANDARD = "gnu++17";
				CLANG_ENABLE_MODULES = YES;
				CLANG_ENABLE_OBJC_ARC = YES;
				CLANG_ENABLE_OBJC_WEAK = YES;
				CLANG_WARN_BLOCK_CAPTURE_AUTORELEASING = YES;
				CLANG_WARN_BOOL_CONVERSION = YES;
				CLANG_WARN_COMMA = YES;
				CLANG_WARN_CONSTANT_CONVERSION = YES;
				CLANG_WARN_DEPRECATED_OBJC_IMPLEMENTATIONS = YES;
				CLANG_WARN_DIRECT_OBJC_ISA_USAGE = YES_ERROR;
				CLANG_WARN_DOCUMENTATION_COMMENTS = YES;
				CLANG_WARN_EMPTY_BODY = YES;
				CLANG_WARN_ENUM_CONVERSION = YES;
				CLANG_WARN_INFINITE_RECURSION = YES;
				CLANG_WARN_INT_CONVERSION = YES;
				CLANG_WARN_NON_LITERAL_NULL_CONVERSION = YES;
				CLANG_WARN_OBJC_IMPLICIT_RETAIN_SELF = YES;
				CLANG_WARN_OBJC_LITERAL_CONVERSION = YES;
				CLANG_WARN_OBJC_ROOT_CLASS = YES_ERROR;
				CLANG_WARN_QUOTED_INCLUDE_IN_FRAMEWORK_HEADER = YES;
				CLANG_WARN_RANGE_LOOP_ANALYSIS = YES;
				CLANG_WARN_STRICT_PROTOTYPES = YES;
				CLANG_WARN_SUSPICIOUS_MOVE = YES;
				CLANG_WARN_UNGUARDED_AVAILABILITY = YES_AGGRESSIVE;
				CLANG_WARN_UNREACHABLE_CODE = YES;
				CLANG_WARN__DUPLICATE_METHOD_MATCH = YES;
				COPY_PHASE_STRIP = NO;
				DEBUG_INFORMATION_FORMAT = dwarf;
				ENABLE_STRICT_OBJC_MSGSEND = YES;
				ENABLE_TESTABILITY = YES;
				GCC_C_LANGUAGE_STANDARD = gnu11;
				GCC_DYNAMIC_NO_PIC = NO;
				GCC_NO_COMMON_BLOCKS = YES;
				GCC_OPTIMIZATION_LEVEL = 0;
				GCC_PREPROCESSOR_DEFINITIONS = (
					"DEBUG=1",
					"$(inherited)",
				);
				GCC_WARN_64_TO_32_BIT_CONVERSION = YES;
				GCC_WARN_ABOUT_RETURN_TYPE = YES_ERROR;
				GCC_WARN_UNDECLARED_SELECTOR = YES;
				GCC_WARN_UNINITIALIZED_AUTOS = YES_AGGRESSIVE;
				GCC_WARN_UNUSED_FUNCTION = YES;
				GCC_WARN_UNUSED_VARIABLE = YES;
				IPHONEOS_DEPLOYMENT_TARGET = 15.5;
				MTL_ENABLE_DEBUG_INFO = INCLUDE_SOURCE;
				MTL_FAST_MATH = YES;
				ONLY_ACTIVE_ARCH = YES;
				SDKROOT = iphoneos;
				SWIFT_ACTIVE_COMPILATION_CONDITIONS = DEBUG;
				SWIFT_OPTIMIZATION_LEVEL = "-Onone";
			};
			name = Debug;
		};
		86B478B028454053006705E3 /* Release */ = {
			isa = XCBuildConfiguration;
			buildSettings = {
				ALWAYS_SEARCH_USER_PATHS = NO;
				CLANG_ANALYZER_NONNULL = YES;
				CLANG_ANALYZER_NUMBER_OBJECT_CONVERSION = YES_AGGRESSIVE;
				CLANG_CXX_LANGUAGE_STANDARD = "gnu++17";
				CLANG_ENABLE_MODULES = YES;
				CLANG_ENABLE_OBJC_ARC = YES;
				CLANG_ENABLE_OBJC_WEAK = YES;
				CLANG_WARN_BLOCK_CAPTURE_AUTORELEASING = YES;
				CLANG_WARN_BOOL_CONVERSION = YES;
				CLANG_WARN_COMMA = YES;
				CLANG_WARN_CONSTANT_CONVERSION = YES;
				CLANG_WARN_DEPRECATED_OBJC_IMPLEMENTATIONS = YES;
				CLANG_WARN_DIRECT_OBJC_ISA_USAGE = YES_ERROR;
				CLANG_WARN_DOCUMENTATION_COMMENTS = YES;
				CLANG_WARN_EMPTY_BODY = YES;
				CLANG_WARN_ENUM_CONVERSION = YES;
				CLANG_WARN_INFINITE_RECURSION = YES;
				CLANG_WARN_INT_CONVERSION = YES;
				CLANG_WARN_NON_LITERAL_NULL_CONVERSION = YES;
				CLANG_WARN_OBJC_IMPLICIT_RETAIN_SELF = YES;
				CLANG_WARN_OBJC_LITERAL_CONVERSION = YES;
				CLANG_WARN_OBJC_ROOT_CLASS = YES_ERROR;
				CLANG_WARN_QUOTED_INCLUDE_IN_FRAMEWORK_HEADER = YES;
				CLANG_WARN_RANGE_LOOP_ANALYSIS = YES;
				CLANG_WARN_STRICT_PROTOTYPES = YES;
				CLANG_WARN_SUSPICIOUS_MOVE = YES;
				CLANG_WARN_UNGUARDED_AVAILABILITY = YES_AGGRESSIVE;
				CLANG_WARN_UNREACHABLE_CODE = YES;
				CLANG_WARN__DUPLICATE_METHOD_MATCH = YES;
				COPY_PHASE_STRIP = NO;
				DEBUG_INFORMATION_FORMAT = "dwarf-with-dsym";
				ENABLE_NS_ASSERTIONS = NO;
				ENABLE_STRICT_OBJC_MSGSEND = YES;
				GCC_C_LANGUAGE_STANDARD = gnu11;
				GCC_NO_COMMON_BLOCKS = YES;
				GCC_WARN_64_TO_32_BIT_CONVERSION = YES;
				GCC_WARN_ABOUT_RETURN_TYPE = YES_ERROR;
				GCC_WARN_UNDECLARED_SELECTOR = YES;
				GCC_WARN_UNINITIALIZED_AUTOS = YES_AGGRESSIVE;
				GCC_WARN_UNUSED_FUNCTION = YES;
				GCC_WARN_UNUSED_VARIABLE = YES;
				IPHONEOS_DEPLOYMENT_TARGET = 15.5;
				MTL_ENABLE_DEBUG_INFO = NO;
				MTL_FAST_MATH = YES;
				SDKROOT = iphoneos;
				SWIFT_COMPILATION_MODE = wholemodule;
				SWIFT_OPTIMIZATION_LEVEL = "-O";
				VALIDATE_PRODUCT = YES;
			};
			name = Release;
		};
		86B478B228454053006705E3 /* Debug */ = {
			isa = XCBuildConfiguration;
			buildSettings = {
				ASSETCATALOG_COMPILER_APPICON_NAME = AppIcon;
				ASSETCATALOG_COMPILER_GLOBAL_ACCENT_COLOR_NAME = AccentColor;
				CODE_SIGN_STYLE = Automatic;
				CURRENT_PROJECT_VERSION = 1;
				GENERATE_INFOPLIST_FILE = YES;
				INFOPLIST_FILE = uniTest/Info.plist;
				INFOPLIST_KEY_UIApplicationSupportsIndirectInputEvents = YES;
				INFOPLIST_KEY_UILaunchStoryboardName = LaunchScreen;
				INFOPLIST_KEY_UIMainStoryboardFile = Main;
				INFOPLIST_KEY_UISupportedInterfaceOrientations_iPad = "UIInterfaceOrientationPortrait UIInterfaceOrientationPortraitUpsideDown UIInterfaceOrientationLandscapeLeft UIInterfaceOrientationLandscapeRight";
				INFOPLIST_KEY_UISupportedInterfaceOrientations_iPhone = "UIInterfaceOrientationPortrait UIInterfaceOrientationLandscapeLeft UIInterfaceOrientationLandscapeRight";
				LD_RUNPATH_SEARCH_PATHS = (
					"$(inherited)",
					"@executable_path/Frameworks",
				);
				MARKETING_VERSION = 1.0;
				PRODUCT_BUNDLE_IDENTIFIER = acc.uniTest;
				PRODUCT_NAME = "$(TARGET_NAME)";
				SWIFT_EMIT_LOC_STRINGS = YES;
				SWIFT_VERSION = 5.0;
				TARGETED_DEVICE_FAMILY = "1,2";
			};
			name = Debug;
		};
		86B478B328454053006705E3 /* Release */ = {
			isa = XCBuildConfiguration;
			buildSettings = {
				ASSETCATALOG_COMPILER_APPICON_NAME = AppIcon;
				ASSETCATALOG_COMPILER_GLOBAL_ACCENT_COLOR_NAME = AccentColor;
				CODE_SIGN_STYLE = Automatic;
				CURRENT_PROJECT_VERSION = 1;
				GENERATE_INFOPLIST_FILE = YES;
				INFOPLIST_FILE = uniTest/Info.plist;
				INFOPLIST_KEY_UIApplicationSupportsIndirectInputEvents = YES;
				INFOPLIST_KEY_UILaunchStoryboardName = LaunchScreen;
				INFOPLIST_KEY_UIMainStoryboardFile = Main;
				INFOPLIST_KEY_UISupportedInterfaceOrientations_iPad = "UIInterfaceOrientationPortrait UIInterfaceOrientationPortraitUpsideDown UIInterfaceOrientationLandscapeLeft UIInterfaceOrientationLandscapeRight";
				INFOPLIST_KEY_UISupportedInterfaceOrientations_iPhone = "UIInterfaceOrientationPortrait UIInterfaceOrientationLandscapeLeft UIInterfaceOrientationLandscapeRight";
				LD_RUNPATH_SEARCH_PATHS = (
					"$(inherited)",
					"@executable_path/Frameworks",
				);
				MARKETING_VERSION = 1.0;
				PRODUCT_BUNDLE_IDENTIFIER = acc.uniTest;
				PRODUCT_NAME = "$(TARGET_NAME)";
				SWIFT_EMIT_LOC_STRINGS = YES;
				SWIFT_VERSION = 5.0;
				TARGETED_DEVICE_FAMILY = "1,2";
			};
			name = Release;
		};
		86B478B528454053006705E3 /* Debug */ = {
			isa = XCBuildConfiguration;
			buildSettings = {
				ALWAYS_EMBED_SWIFT_STANDARD_LIBRARIES = YES;
				BUNDLE_LOADER = "$(TEST_HOST)";
				CODE_SIGN_STYLE = Automatic;
				CURRENT_PROJECT_VERSION = 1;
				GENERATE_INFOPLIST_FILE = YES;
				IPHONEOS_DEPLOYMENT_TARGET = 15.5;
				MARKETING_VERSION = 1.0;
				PRODUCT_BUNDLE_IDENTIFIER = acc.uniTestTests;
				PRODUCT_NAME = "$(TARGET_NAME)";
				SWIFT_EMIT_LOC_STRINGS = NO;
				SWIFT_VERSION = 5.0;
				TARGETED_DEVICE_FAMILY = "1,2";
				TEST_HOST = "$(BUILT_PRODUCTS_DIR)/uniTest.app/uniTest";
			};
			name = Debug;
		};
		86B478B628454053006705E3 /* Release */ = {
			isa = XCBuildConfiguration;
			buildSettings = {
				ALWAYS_EMBED_SWIFT_STANDARD_LIBRARIES = YES;
				BUNDLE_LOADER = "$(TEST_HOST)";
				CODE_SIGN_STYLE = Automatic;
				CURRENT_PROJECT_VERSION = 1;
				GENERATE_INFOPLIST_FILE = YES;
				IPHONEOS_DEPLOYMENT_TARGET = 15.5;
				MARKETING_VERSION = 1.0;
				PRODUCT_BUNDLE_IDENTIFIER = acc.uniTestTests;
				PRODUCT_NAME = "$(TARGET_NAME)";
				SWIFT_EMIT_LOC_STRINGS = NO;
				SWIFT_VERSION = 5.0;
				TARGETED_DEVICE_FAMILY = "1,2";
				TEST_HOST = "$(BUILT_PRODUCTS_DIR)/uniTest.app/uniTest";
			};
			name = Release;
		};
		86B478B828454053006705E3 /* Debug */ = {
			isa = XCBuildConfiguration;
			buildSettings = {
				ALWAYS_EMBED_SWIFT_STANDARD_LIBRARIES = YES;
				CODE_SIGN_STYLE = Automatic;
				CURRENT_PROJECT_VERSION = 1;
				GENERATE_INFOPLIST_FILE = YES;
				MARKETING_VERSION = 1.0;
				PRODUCT_BUNDLE_IDENTIFIER = acc.uniTestUITests;
				PRODUCT_NAME = "$(TARGET_NAME)";
				SWIFT_EMIT_LOC_STRINGS = NO;
				SWIFT_VERSION = 5.0;
				TARGETED_DEVICE_FAMILY = "1,2";
				TEST_TARGET_NAME = uniTest;
			};
			name = Debug;
		};
		86B478B928454053006705E3 /* Release */ = {
			isa = XCBuildConfiguration;
			buildSettings = {
				ALWAYS_EMBED_SWIFT_STANDARD_LIBRARIES = YES;
				CODE_SIGN_STYLE = Automatic;
				CURRENT_PROJECT_VERSION = 1;
				GENERATE_INFOPLIST_FILE = YES;
				MARKETING_VERSION = 1.0;
				PRODUCT_BUNDLE_IDENTIFIER = acc.uniTestUITests;
				PRODUCT_NAME = "$(TARGET_NAME)";
				SWIFT_EMIT_LOC_STRINGS = NO;
				SWIFT_VERSION = 5.0;
				TARGETED_DEVICE_FAMILY = "1,2";
				TEST_TARGET_NAME = uniTest;
			};
			name = Release;
		};
/* End XCBuildConfiguration section */

/* Begin XCConfigurationList section */
		86B478822845404E006705E3 /* Build configuration list for PBXProject "uniTest" */ = {
			isa = XCConfigurationList;
			buildConfigurations = (
				86B478AF28454053006705E3 /* Debug */,
				86B478B028454053006705E3 /* Release */,
			);
			defaultConfigurationIsVisible = 0;
			defaultConfigurationName = Release;
		};
		86B478B128454053006705E3 /* Build configuration list for PBXNativeTarget "uniTest" */ = {
			isa = XCConfigurationList;
			buildConfigurations = (
				86B478B228454053006705E3 /* Debug */,
				86B478B328454053006705E3 /* Release */,
			);
			defaultConfigurationIsVisible = 0;
			defaultConfigurationName = Release;
		};
		86B478B428454053006705E3 /* Build configuration list for PBXNativeTarget "uniTestTests" */ = {
			isa = XCConfigurationList;
			buildConfigurations = (
				86B478B528454053006705E3 /* Debug */,
				86B478B628454053006705E3 /* Release */,
			);
			defaultConfigurationIsVisible = 0;
			defaultConfigurationName = Release;
		};
		86B478B728454053006705E3 /* Build configuration list for PBXNativeTarget "uniTestUITests" */ = {
			isa = XCConfigurationList;
			buildConfigurations = (
				86B478B828454053006705E3 /* Debug */,
				86B478B928454053006705E3 /* Release */,
			);
			defaultConfigurationIsVisible = 0;
			defaultConfigurationName = Release;
		};
/* End XCConfigurationList section */
	};
	rootObject = 86B4787F2845404E006705E3 /* Project object */;
}
